
Microsoft Visual Studio Solution File, Format Version 12.00
# Visual Studio 15
VisualStudioVersion = 15.0.28307.757
MinimumVisualStudioVersion = 10.0.40219.1
Project("{FAE04EC0-301F-11D3-BF4B-00C04F79EFBC}") = "Dzielnik", "Dzielnik\Dzielnik.csproj", "{3520B123-27D2-4C94-BA37-81D6B39B75D7}"
EndProject
Global
	GlobalSection(SolutionConfigurationPlatforms) = preSolution
		Debug|Any CPU = Debug|Any CPU
		Release|Any CPU = Release|Any CPU
	EndGlobalSection
	GlobalSection(ProjectConfigurationPlatforms) = postSolution
		{3520B123-27D2-4C94-BA37-81D6B39B75D7}.Debug|Any CPU.ActiveCfg = Debug|Any CPU
		{3520B123-27D2-4C94-BA37-81D6B39B75D7}.Debug|Any CPU.Build.0 = Debug|Any CPU
		{3520B123-27D2-4C94-BA37-81D6B39B75D7}.Release|Any CPU.ActiveCfg = Release|Any CPU
		{3520B123-27D2-4C94-BA37-81D6B39B75D7}.Release|Any CPU.Build.0 = Release|Any CPU
	EndGlobalSection
	GlobalSection(SolutionProperties) = preSolution
		HideSolutionNode = FALSE
	EndGlobalSection
	GlobalSection(ExtensibilityGlobals) = postSolution
		SolutionGuid = {1E1FE60D-4BDD-4F6A-990A-84F917685A1D}
	EndGlobalSection
EndGlobal
